// !$*UTF8*$!
{
	archiveVersion = 1;
	classes = {
	};
	objectVersion = 50;
	objects = {

/* Begin PBXBuildFile section */
		348641C127AC1D56000A5039 /* QrCodeViewController.swift in Sources */ = {isa = PBXBuildFile; fileRef = 348641C027AC1D56000A5039 /* QrCodeViewController.swift */; };
		5773AD852771D9C10042C8AE /* AppDelegate.swift in Sources */ = {isa = PBXBuildFile; fileRef = 5773AD842771D9C10042C8AE /* AppDelegate.swift */; };
		5773AD872771D9C10042C8AE /* SceneDelegate.swift in Sources */ = {isa = PBXBuildFile; fileRef = 5773AD862771D9C10042C8AE /* SceneDelegate.swift */; };
		5773AD892771D9C10042C8AE /* ViewController.swift in Sources */ = {isa = PBXBuildFile; fileRef = 5773AD882771D9C10042C8AE /* ViewController.swift */; };
		5773AD8C2771D9C10042C8AE /* Main.storyboard in Resources */ = {isa = PBXBuildFile; fileRef = 5773AD8A2771D9C10042C8AE /* Main.storyboard */; };
		5773AD8F2771D9C10042C8AE /* swift_pro.xcdatamodeld in Sources */ = {isa = PBXBuildFile; fileRef = 5773AD8D2771D9C10042C8AE /* swift_pro.xcdatamodeld */; };
		5773AD912771D9C80042C8AE /* Assets.xcassets in Resources */ = {isa = PBXBuildFile; fileRef = 5773AD902771D9C80042C8AE /* Assets.xcassets */; };
		5773AD942771D9C80042C8AE /* LaunchScreen.storyboard in Resources */ = {isa = PBXBuildFile; fileRef = 5773AD922771D9C80042C8AE /* LaunchScreen.storyboard */; };
		5773ADA32771EC850042C8AE /* NewsTableController.swift in Sources */ = {isa = PBXBuildFile; fileRef = 5773ADA22771EC850042C8AE /* NewsTableController.swift */; };
		6501685927A1A0C4008AD551 /* ArticleViewController.swift in Sources */ = {isa = PBXBuildFile; fileRef = 6501685827A1A0C4008AD551 /* ArticleViewController.swift */; };
		65732DAE278464D600177385 /* TableViewCell2.swift in Sources */ = {isa = PBXBuildFile; fileRef = 65732DAC278464D600177385 /* TableViewCell2.swift */; };
		65732DAF278464D600177385 /* TableViewCell2.xib in Resources */ = {isa = PBXBuildFile; fileRef = 65732DAD278464D600177385 /* TableViewCell2.xib */; };
		658A5ED927A33AC70002D165 /* FavoriteArticles+CoreDataClass.swift in Sources */ = {isa = PBXBuildFile; fileRef = 658A5ED727A33AC70002D165 /* FavoriteArticles+CoreDataClass.swift */; };
		658A5EDA27A33AC70002D165 /* FavoriteArticles+CoreDataProperties.swift in Sources */ = {isa = PBXBuildFile; fileRef = 658A5ED827A33AC70002D165 /* FavoriteArticles+CoreDataProperties.swift */; };
		65EBC03F279DD5410060D109 /* API.swift in Sources */ = {isa = PBXBuildFile; fileRef = 65EBC03E279DD5410060D109 /* API.swift */; };
		65F6FED927A483DB005DD45B /* FavoritesViewController.swift in Sources */ = {isa = PBXBuildFile; fileRef = 65F6FED827A483DB005DD45B /* FavoritesViewController.swift */; };
		65FF32CD27A0AD3F00F49049 /* SearchViewController.swift in Sources */ = {isa = PBXBuildFile; fileRef = 65FF32CC27A0AD3F00F49049 /* SearchViewController.swift */; };
/* End PBXBuildFile section */

/* Begin PBXFileReference section */
		348641C027AC1D56000A5039 /* QrCodeViewController.swift */ = {isa = PBXFileReference; lastKnownFileType = sourcecode.swift; path = QrCodeViewController.swift; sourceTree = "<group>"; };
		5773AD812771D9C10042C8AE /* swift_pro.app */ = {isa = PBXFileReference; explicitFileType = wrapper.application; includeInIndex = 0; path = swift_pro.app; sourceTree = BUILT_PRODUCTS_DIR; };
		5773AD842771D9C10042C8AE /* AppDelegate.swift */ = {isa = PBXFileReference; lastKnownFileType = sourcecode.swift; path = AppDelegate.swift; sourceTree = "<group>"; };
		5773AD862771D9C10042C8AE /* SceneDelegate.swift */ = {isa = PBXFileReference; lastKnownFileType = sourcecode.swift; path = SceneDelegate.swift; sourceTree = "<group>"; };
		5773AD882771D9C10042C8AE /* ViewController.swift */ = {isa = PBXFileReference; lastKnownFileType = sourcecode.swift; path = ViewController.swift; sourceTree = "<group>"; };
		5773AD8B2771D9C10042C8AE /* Base */ = {isa = PBXFileReference; lastKnownFileType = file.storyboard; name = Base; path = Base.lproj/Main.storyboard; sourceTree = "<group>"; };
		5773AD8E2771D9C10042C8AE /* swift_pro.xcdatamodel */ = {isa = PBXFileReference; lastKnownFileType = wrapper.xcdatamodel; path = swift_pro.xcdatamodel; sourceTree = "<group>"; };
		5773AD902771D9C80042C8AE /* Assets.xcassets */ = {isa = PBXFileReference; lastKnownFileType = folder.assetcatalog; path = Assets.xcassets; sourceTree = "<group>"; };
		5773AD932771D9C80042C8AE /* Base */ = {isa = PBXFileReference; lastKnownFileType = file.storyboard; name = Base; path = Base.lproj/LaunchScreen.storyboard; sourceTree = "<group>"; };
		5773AD952771D9C80042C8AE /* Info.plist */ = {isa = PBXFileReference; lastKnownFileType = text.plist.xml; path = Info.plist; sourceTree = "<group>"; };
		5773ADA22771EC850042C8AE /* NewsTableController.swift */ = {isa = PBXFileReference; lastKnownFileType = sourcecode.swift; path = NewsTableController.swift; sourceTree = "<group>"; };
		6501685827A1A0C4008AD551 /* ArticleViewController.swift */ = {isa = PBXFileReference; lastKnownFileType = sourcecode.swift; path = ArticleViewController.swift; sourceTree = "<group>"; };
		65732DAC278464D600177385 /* TableViewCell2.swift */ = {isa = PBXFileReference; lastKnownFileType = sourcecode.swift; path = TableViewCell2.swift; sourceTree = "<group>"; };
		65732DAD278464D600177385 /* TableViewCell2.xib */ = {isa = PBXFileReference; lastKnownFileType = file.xib; path = TableViewCell2.xib; sourceTree = "<group>"; };
		658A5ED727A33AC70002D165 /* FavoriteArticles+CoreDataClass.swift */ = {isa = PBXFileReference; lastKnownFileType = sourcecode.swift; path = "FavoriteArticles+CoreDataClass.swift"; sourceTree = "<group>"; };
		658A5ED827A33AC70002D165 /* FavoriteArticles+CoreDataProperties.swift */ = {isa = PBXFileReference; lastKnownFileType = sourcecode.swift; path = "FavoriteArticles+CoreDataProperties.swift"; sourceTree = "<group>"; };
		65EBC03E279DD5410060D109 /* API.swift */ = {isa = PBXFileReference; lastKnownFileType = sourcecode.swift; path = API.swift; sourceTree = "<group>"; };
		65F6FED827A483DB005DD45B /* FavoritesViewController.swift */ = {isa = PBXFileReference; lastKnownFileType = sourcecode.swift; path = FavoritesViewController.swift; sourceTree = "<group>"; };
		65FF32CC27A0AD3F00F49049 /* SearchViewController.swift */ = {isa = PBXFileReference; lastKnownFileType = sourcecode.swift; path = SearchViewController.swift; sourceTree = "<group>"; };
/* End PBXFileReference section */

/* Begin PBXFrameworksBuildPhase section */
		5773AD7E2771D9C10042C8AE /* Frameworks */ = {
			isa = PBXFrameworksBuildPhase;
			buildActionMask = 2147483647;
			files = (
			);
			runOnlyForDeploymentPostprocessing = 0;
		};
/* End PBXFrameworksBuildPhase section */

/* Begin PBXGroup section */
		5773AD782771D9C10042C8AE = {
			isa = PBXGroup;
			children = (
				5773AD832771D9C10042C8AE /* swift_pro */,
				5773AD822771D9C10042C8AE /* Products */,
			);
			sourceTree = "<group>";
		};
		5773AD822771D9C10042C8AE /* Products */ = {
			isa = PBXGroup;
			children = (
				5773AD812771D9C10042C8AE /* swift_pro.app */,
			);
			name = Products;
			sourceTree = "<group>";
		};
		5773AD832771D9C10042C8AE /* swift_pro */ = {
			isa = PBXGroup;
			children = (
				650D71BD27A33803004E67E9 /* Core Data */,
				5773ADA12771EC530042C8AE /* Controllers */,
				5773AD842771D9C10042C8AE /* AppDelegate.swift */,
				5773AD862771D9C10042C8AE /* SceneDelegate.swift */,
				5773AD882771D9C10042C8AE /* ViewController.swift */,
				5773AD8A2771D9C10042C8AE /* Main.storyboard */,
				5773AD902771D9C80042C8AE /* Assets.xcassets */,
				5773AD922771D9C80042C8AE /* LaunchScreen.storyboard */,
				5773AD952771D9C80042C8AE /* Info.plist */,
				5773AD8D2771D9C10042C8AE /* swift_pro.xcdatamodeld */,
				65EBC03E279DD5410060D109 /* API.swift */,
			);
			path = swift_pro;
			sourceTree = "<group>";
		};
		5773ADA12771EC530042C8AE /* Controllers */ = {
			isa = PBXGroup;
			children = (
				5773ADA22771EC850042C8AE /* NewsTableController.swift */,
				65732DAC278464D600177385 /* TableViewCell2.swift */,
				65732DAD278464D600177385 /* TableViewCell2.xib */,
				65FF32CC27A0AD3F00F49049 /* SearchViewController.swift */,
				6501685827A1A0C4008AD551 /* ArticleViewController.swift */,
				65F6FED827A483DB005DD45B /* FavoritesViewController.swift */,
				348641C027AC1D56000A5039 /* QrCodeViewController.swift */,
			);
			path = Controllers;
			sourceTree = "<group>";
		};
		650D71BD27A33803004E67E9 /* Core Data */ = {
			isa = PBXGroup;
			children = (
				658A5ED727A33AC70002D165 /* FavoriteArticles+CoreDataClass.swift */,
				658A5ED827A33AC70002D165 /* FavoriteArticles+CoreDataProperties.swift */,
			);
			path = "Core Data";
			sourceTree = "<group>";
		};
/* End PBXGroup section */

/* Begin PBXNativeTarget section */
		5773AD802771D9C10042C8AE /* swift_pro */ = {
			isa = PBXNativeTarget;
			buildConfigurationList = 5773AD982771D9C80042C8AE /* Build configuration list for PBXNativeTarget "swift_pro" */;
			buildPhases = (
				5773AD7D2771D9C10042C8AE /* Sources */,
				5773AD7E2771D9C10042C8AE /* Frameworks */,
				5773AD7F2771D9C10042C8AE /* Resources */,
			);
			buildRules = (
			);
			dependencies = (
			);
			name = swift_pro;
			productName = swift_pro;
			productReference = 5773AD812771D9C10042C8AE /* swift_pro.app */;
			productType = "com.apple.product-type.application";
		};
/* End PBXNativeTarget section */

/* Begin PBXProject section */
		5773AD792771D9C10042C8AE /* Project object */ = {
			isa = PBXProject;
			attributes = {
				LastSwiftUpdateCheck = 1240;
				LastUpgradeCheck = 1240;
				TargetAttributes = {
					5773AD802771D9C10042C8AE = {
						CreatedOnToolsVersion = 12.4;
					};
				};
			};
			buildConfigurationList = 5773AD7C2771D9C10042C8AE /* Build configuration list for PBXProject "swift_pro" */;
			compatibilityVersion = "Xcode 9.3";
			developmentRegion = en;
			hasScannedForEncodings = 0;
			knownRegions = (
				en,
				Base,
			);
			mainGroup = 5773AD782771D9C10042C8AE;
			productRefGroup = 5773AD822771D9C10042C8AE /* Products */;
			projectDirPath = "";
			projectRoot = "";
			targets = (
				5773AD802771D9C10042C8AE /* swift_pro */,
			);
		};
/* End PBXProject section */

/* Begin PBXResourcesBuildPhase section */
		5773AD7F2771D9C10042C8AE /* Resources */ = {
			isa = PBXResourcesBuildPhase;
			buildActionMask = 2147483647;
			files = (
				65732DAF278464D600177385 /* TableViewCell2.xib in Resources */,
				5773AD942771D9C80042C8AE /* LaunchScreen.storyboard in Resources */,
				5773AD912771D9C80042C8AE /* Assets.xcassets in Resources */,
				5773AD8C2771D9C10042C8AE /* Main.storyboard in Resources */,
			);
			runOnlyForDeploymentPostprocessing = 0;
		};
/* End PBXResourcesBuildPhase section */

/* Begin PBXSourcesBuildPhase section */
		5773AD7D2771D9C10042C8AE /* Sources */ = {
			isa = PBXSourcesBuildPhase;
			buildActionMask = 2147483647;
			files = (
				5773AD892771D9C10042C8AE /* ViewController.swift in Sources */,
				5773AD852771D9C10042C8AE /* AppDelegate.swift in Sources */,
				65FF32CD27A0AD3F00F49049 /* SearchViewController.swift in Sources */,
				65732DAE278464D600177385 /* TableViewCell2.swift in Sources */,
				658A5EDA27A33AC70002D165 /* FavoriteArticles+CoreDataProperties.swift in Sources */,
				6501685927A1A0C4008AD551 /* ArticleViewController.swift in Sources */,
				5773AD872771D9C10042C8AE /* SceneDelegate.swift in Sources */,
				348641C127AC1D56000A5039 /* QrCodeViewController.swift in Sources */,
				658A5ED927A33AC70002D165 /* FavoriteArticles+CoreDataClass.swift in Sources */,
				5773ADA32771EC850042C8AE /* NewsTableController.swift in Sources */,
				65EBC03F279DD5410060D109 /* API.swift in Sources */,
				65F6FED927A483DB005DD45B /* FavoritesViewController.swift in Sources */,
				5773AD8F2771D9C10042C8AE /* swift_pro.xcdatamodeld in Sources */,
			);
			runOnlyForDeploymentPostprocessing = 0;
		};
/* End PBXSourcesBuildPhase section */

/* Begin PBXVariantGroup section */
		5773AD8A2771D9C10042C8AE /* Main.storyboard */ = {
			isa = PBXVariantGroup;
			children = (
				5773AD8B2771D9C10042C8AE /* Base */,
			);
			name = Main.storyboard;
			sourceTree = "<group>";
		};
		5773AD922771D9C80042C8AE /* LaunchScreen.storyboard */ = {
			isa = PBXVariantGroup;
			children = (
				5773AD932771D9C80042C8AE /* Base */,
			);
			name = LaunchScreen.storyboard;
			sourceTree = "<group>";
		};
/* End PBXVariantGroup section */

/* Begin XCBuildConfiguration section */
		5773AD962771D9C80042C8AE /* Debug */ = {
			isa = XCBuildConfiguration;
			buildSettings = {
				ALWAYS_SEARCH_USER_PATHS = NO;
				CLANG_ANALYZER_NONNULL = YES;
				CLANG_ANALYZER_NUMBER_OBJECT_CONVERSION = YES_AGGRESSIVE;
				CLANG_CXX_LANGUAGE_STANDARD = "gnu++14";
				CLANG_CXX_LIBRARY = "libc++";
				CLANG_ENABLE_MODULES = YES;
				CLANG_ENABLE_OBJC_ARC = YES;
				CLANG_ENABLE_OBJC_WEAK = YES;
				CLANG_WARN_BLOCK_CAPTURE_AUTORELEASING = YES;
				CLANG_WARN_BOOL_CONVERSION = YES;
				CLANG_WARN_COMMA = YES;
				CLANG_WARN_CONSTANT_CONVERSION = YES;
				CLANG_WARN_DEPRECATED_OBJC_IMPLEMENTATIONS = YES;
				CLANG_WARN_DIRECT_OBJC_ISA_USAGE = YES_ERROR;
				CLANG_WARN_DOCUMENTATION_COMMENTS = YES;
				CLANG_WARN_EMPTY_BODY = YES;
				CLANG_WARN_ENUM_CONVERSION = YES;
				CLANG_WARN_INFINITE_RECURSION = YES;
				CLANG_WARN_INT_CONVERSION = YES;
				CLANG_WARN_NON_LITERAL_NULL_CONVERSION = YES;
				CLANG_WARN_OBJC_IMPLICIT_RETAIN_SELF = YES;
				CLANG_WARN_OBJC_LITERAL_CONVERSION = YES;
				CLANG_WARN_OBJC_ROOT_CLASS = YES_ERROR;
				CLANG_WARN_QUOTED_INCLUDE_IN_FRAMEWORK_HEADER = YES;
				CLANG_WARN_RANGE_LOOP_ANALYSIS = YES;
				CLANG_WARN_STRICT_PROTOTYPES = YES;
				CLANG_WARN_SUSPICIOUS_MOVE = YES;
				CLANG_WARN_UNGUARDED_AVAILABILITY = YES_AGGRESSIVE;
				CLANG_WARN_UNREACHABLE_CODE = YES;
				CLANG_WARN__DUPLICATE_METHOD_MATCH = YES;
				COPY_PHASE_STRIP = NO;
				DEBUG_INFORMATION_FORMAT = dwarf;
				ENABLE_STRICT_OBJC_MSGSEND = YES;
				ENABLE_TESTABILITY = YES;
				GCC_C_LANGUAGE_STANDARD = gnu11;
				GCC_DYNAMIC_NO_PIC = NO;
				GCC_NO_COMMON_BLOCKS = YES;
				GCC_OPTIMIZATION_LEVEL = 0;
				GCC_PREPROCESSOR_DEFINITIONS = (
					"DEBUG=1",
					"$(inherited)",
				);
				GCC_WARN_64_TO_32_BIT_CONVERSION = YES;
				GCC_WARN_ABOUT_RETURN_TYPE = YES_ERROR;
				GCC_WARN_UNDECLARED_SELECTOR = YES;
				GCC_WARN_UNINITIALIZED_AUTOS = YES_AGGRESSIVE;
				GCC_WARN_UNUSED_FUNCTION = YES;
				GCC_WARN_UNUSED_VARIABLE = YES;
				IPHONEOS_DEPLOYMENT_TARGET = 14.4;
				MTL_ENABLE_DEBUG_INFO = INCLUDE_SOURCE;
				MTL_FAST_MATH = YES;
				ONLY_ACTIVE_ARCH = YES;
				SDKROOT = iphoneos;
				SWIFT_ACTIVE_COMPILATION_CONDITIONS = DEBUG;
				SWIFT_OPTIMIZATION_LEVEL = "-Onone";
			};
			name = Debug;
		};
		5773AD972771D9C80042C8AE /* Release */ = {
			isa = XCBuildConfiguration;
			buildSettings = {
				ALWAYS_SEARCH_USER_PATHS = NO;
				CLANG_ANALYZER_NONNULL = YES;
				CLANG_ANALYZER_NUMBER_OBJECT_CONVERSION = YES_AGGRESSIVE;
				CLANG_CXX_LANGUAGE_STANDARD = "gnu++14";
				CLANG_CXX_LIBRARY = "libc++";
				CLANG_ENABLE_MODULES = YES;
				CLANG_ENABLE_OBJC_ARC = YES;
				CLANG_ENABLE_OBJC_WEAK = YES;
				CLANG_WARN_BLOCK_CAPTURE_AUTORELEASING = YES;
				CLANG_WARN_BOOL_CONVERSION = YES;
				CLANG_WARN_COMMA = YES;
				CLANG_WARN_CONSTANT_CONVERSION = YES;
				CLANG_WARN_DEPRECATED_OBJC_IMPLEMENTATIONS = YES;
				CLANG_WARN_DIRECT_OBJC_ISA_USAGE = YES_ERROR;
				CLANG_WARN_DOCUMENTATION_COMMENTS = YES;
				CLANG_WARN_EMPTY_BODY = YES;
				CLANG_WARN_ENUM_CONVERSION = YES;
				CLANG_WARN_INFINITE_RECURSION = YES;
				CLANG_WARN_INT_CONVERSION = YES;
				CLANG_WARN_NON_LITERAL_NULL_CONVERSION = YES;
				CLANG_WARN_OBJC_IMPLICIT_RETAIN_SELF = YES;
				CLANG_WARN_OBJC_LITERAL_CONVERSION = YES;
				CLANG_WARN_OBJC_ROOT_CLASS = YES_ERROR;
				CLANG_WARN_QUOTED_INCLUDE_IN_FRAMEWORK_HEADER = YES;
				CLANG_WARN_RANGE_LOOP_ANALYSIS = YES;
				CLANG_WARN_STRICT_PROTOTYPES = YES;
				CLANG_WARN_SUSPICIOUS_MOVE = YES;
				CLANG_WARN_UNGUARDED_AVAILABILITY = YES_AGGRESSIVE;
				CLANG_WARN_UNREACHABLE_CODE = YES;
				CLANG_WARN__DUPLICATE_METHOD_MATCH = YES;
				COPY_PHASE_STRIP = NO;
				DEBUG_INFORMATION_FORMAT = "dwarf-with-dsym";
				ENABLE_NS_ASSERTIONS = NO;
				ENABLE_STRICT_OBJC_MSGSEND = YES;
				GCC_C_LANGUAGE_STANDARD = gnu11;
				GCC_NO_COMMON_BLOCKS = YES;
				GCC_WARN_64_TO_32_BIT_CONVERSION = YES;
				GCC_WARN_ABOUT_RETURN_TYPE = YES_ERROR;
				GCC_WARN_UNDECLARED_SELECTOR = YES;
				GCC_WARN_UNINITIALIZED_AUTOS = YES_AGGRESSIVE;
				GCC_WARN_UNUSED_FUNCTION = YES;
				GCC_WARN_UNUSED_VARIABLE = YES;
				IPHONEOS_DEPLOYMENT_TARGET = 14.4;
				MTL_ENABLE_DEBUG_INFO = NO;
				MTL_FAST_MATH = YES;
				SDKROOT = iphoneos;
				SWIFT_COMPILATION_MODE = wholemodule;
				SWIFT_OPTIMIZATION_LEVEL = "-O";
				VALIDATE_PRODUCT = YES;
			};
			name = Release;
		};
		5773AD992771D9C80042C8AE /* Debug */ = {
			isa = XCBuildConfiguration;
			buildSettings = {
				ASSETCATALOG_COMPILER_APPICON_NAME = AppIcon;
				ASSETCATALOG_COMPILER_GLOBAL_ACCENT_COLOR_NAME = AccentColor;
				CODE_SIGN_STYLE = Automatic;
				INFOPLIST_FILE = swift_pro/Info.plist;
				LD_RUNPATH_SEARCH_PATHS = (
					"$(inherited)",
					"@executable_path/Frameworks",
				);
				PRODUCT_BUNDLE_IDENTIFIER = "estg.swift-pro";
				PRODUCT_NAME = "$(TARGET_NAME)";
				SWIFT_VERSION = 5.0;
				TARGETED_DEVICE_FAMILY = "1,2";
			};
			name = Debug;
		};
		5773AD9A2771D9C80042C8AE /* Release */ = {
			isa = XCBuildConfiguration;
			buildSettings = {
				ASSETCATALOG_COMPILER_APPICON_NAME = AppIcon;
				ASSETCATALOG_COMPILER_GLOBAL_ACCENT_COLOR_NAME = AccentColor;
				CODE_SIGN_STYLE = Automatic;
				INFOPLIST_FILE = swift_pro/Info.plist;
				LD_RUNPATH_SEARCH_PATHS = (
					"$(inherited)",
					"@executable_path/Frameworks",
				);
				PRODUCT_BUNDLE_IDENTIFIER = "estg.swift-pro";
				PRODUCT_NAME = "$(TARGET_NAME)";
				SWIFT_VERSION = 5.0;
				TARGETED_DEVICE_FAMILY = "1,2";
			};
			name = Release;
		};
/* End XCBuildConfiguration section */

/* Begin XCConfigurationList section */
		5773AD7C2771D9C10042C8AE /* Build configuration list for PBXProject "swift_pro" */ = {
			isa = XCConfigurationList;
			buildConfigurations = (
				5773AD962771D9C80042C8AE /* Debug */,
				5773AD972771D9C80042C8AE /* Release */,
			);
			defaultConfigurationIsVisible = 0;
			defaultConfigurationName = Release;
		};
		5773AD982771D9C80042C8AE /* Build configuration list for PBXNativeTarget "swift_pro" */ = {
			isa = XCConfigurationList;
			buildConfigurations = (
				5773AD992771D9C80042C8AE /* Debug */,
				5773AD9A2771D9C80042C8AE /* Release */,
			);
			defaultConfigurationIsVisible = 0;
			defaultConfigurationName = Release;
		};
/* End XCConfigurationList section */

/* Begin XCVersionGroup section */
		5773AD8D2771D9C10042C8AE /* swift_pro.xcdatamodeld */ = {
			isa = XCVersionGroup;
			children = (
				5773AD8E2771D9C10042C8AE /* swift_pro.xcdatamodel */,
			);
			currentVersion = 5773AD8E2771D9C10042C8AE /* swift_pro.xcdatamodel */;
			path = swift_pro.xcdatamodeld;
			sourceTree = "<group>";
			versionGroupType = wrapper.xcdatamodel;
		};
/* End XCVersionGroup section */
	};
	rootObject = 5773AD792771D9C10042C8AE /* Project object */;
}
